
Microsoft Visual Studio Solution File, Format Version 12.00
# Visual Studio Version 16
VisualStudioVersion = 16.0.30804.86
MinimumVisualStudioVersion = 10.0.40219.1
Project("{FAE04EC0-301F-11D3-BF4B-00C04F79EFBC}") = "Hi-Lo", "Hi-Lo\Hi-Lo.csproj", "{38C4F54A-FC64-4621-925A-A0CA2107AEBE}"
EndProject
Global
	GlobalSection(SolutionConfigurationPlatforms) = preSolution
		Debug|Any CPU = Debug|Any CPU
		Release|Any CPU = Release|Any CPU
	EndGlobalSection
	GlobalSection(ProjectConfigurationPlatforms) = postSolution
		{38C4F54A-FC64-4621-925A-A0CA2107AEBE}.Debug|Any CPU.ActiveCfg = Debug|Any CPU
		{38C4F54A-FC64-4621-925A-A0CA2107AEBE}.Debug|Any CPU.Build.0 = Debug|Any CPU
		{38C4F54A-FC64-4621-925A-A0CA2107AEBE}.Release|Any CPU.ActiveCfg = Release|Any CPU
		{38C4F54A-FC64-4621-925A-A0CA2107AEBE}.Release|Any CPU.Build.0 = Release|Any CPU
	EndGlobalSection
	GlobalSection(SolutionProperties) = preSolution
		HideSolutionNode = FALSE
	EndGlobalSection
	GlobalSection(ExtensibilityGlobals) = postSolution
		SolutionGuid = {7744E314-9F89-45F0-82F0-0B3FED729B1A}
	EndGlobalSection
EndGlobal
